<?xml version="1.0" encoding="utf-8"?>
<Project ToolsVersion="4.0" xmlns="http://schemas.microsoft.com/developer/msbuild/2003">
  <ItemGroup>
    <Filter Include="Source Files">
      <UniqueIdentifier>{4FC737F1-C7A5-4376-A066-2A32D752A2FF}</UniqueIdentifier>
      <Extensions>cpp;c;cc;cxx;def;odl;idl;hpj;bat;asm;asmx</Extensions>
    </Filter>
    <Filter Include="Header Files">
      <UniqueIdentifier>{93995380-89BD-4b04-88EB-625FBE52EBFB}</UniqueIdentifier>
      <Extensions>h;hpp;hxx;hm;inl;inc;xsd</Extensions>
    </Filter>
    <Filter Include="Resource Files">
      <UniqueIdentifier>{67DA6AB6-F800-4c08-8B7A-83BB121AAD01}</UniqueIdentifier>
      <Extensions>rc;ico;cur;bmp;dlg;rc2;rct;bin;rgs;gif;jpg;jpeg;jpe;resx;tiff;tif;png;wav;mfcribbon-ms</Extensions>
    </Filter>
    <Filter Include="Source Files\core">
      <UniqueIdentifier>{b9993ce3-8ced-46d7-9f4b-088da71d657a}</UniqueIdentifier>
    </Filter>
    <Filter Include="Source Files\graphics">
      <UniqueIdentifier>{c737ab0f-fcdb-4d68-a1e0-1ce60074ba5e}</UniqueIdentifier>
    </Filter>
    <Filter Include="Source Files\form">
      <UniqueIdentifier>{a70fed02-7c74-4853-9013-efba0a107031}</UniqueIdentifier>
    </Filter>
    <Filter Include="Source Files\particle">
      <UniqueIdentifier>{d6d8bdd0-0139-4871-b7fa-fce394d1a4dc}</UniqueIdentifier>
    </Filter>
    <Filter Include="Source Files\sound">
      <UniqueIdentifier>{01bce98b-c9fe-468a-a37b-ab661373427e}</UniqueIdentifier>
    </Filter>
    <Filter Include="Source Files\lua">
      <UniqueIdentifier>{6756a017-364e-4eca-89a7-e00652ef1beb}</UniqueIdentifier>
    </Filter>
    <Filter Include="Source Files\util">
      <UniqueIdentifier>{6c77ad4c-5677-4f56-a00b-03e18a5ffc8a}</UniqueIdentifier>
    </Filter>
  </ItemGroup>
  <ItemGroup>
    <None Include="ReadMe.txt" />
  </ItemGroup>
  <ItemGroup>
    <ClInclude Include="stdafx.h">
      <Filter>Header Files</Filter>
    </ClInclude>
    <ClInclude Include="targetver.h">
      <Filter>Header Files</Filter>
    </ClInclude>
    <ClInclude Include="ymx2d.h">
      <Filter>Header Files</Filter>
    </ClInclude>
    <ClInclude Include="ymxenum.h">
      <Filter>Header Files</Filter>
    </ClInclude>
    <ClInclude Include="ymxparticle.h">
      <Filter>Header Files</Filter>
    </ClInclude>
    <ClInclude Include="ymxvertex.h">
      <Filter>Header Files</Filter>
    </ClInclude>
    <ClInclude Include="ymxsound.h">
      <Filter>Header Files</Filter>
    </ClInclude>
    <ClInclude Include="ymxlua.h">
      <Filter>Header Files</Filter>
    </ClInclude>
    <ClInclude Include="ymxform.h">
      <Filter>Header Files</Filter>
    </ClInclude>
  </ItemGroup>
  <ItemGroup>
    <ClCompile Include="dllmain.cpp">
      <Filter>Source Files</Filter>
    </ClCompile>
    <ClCompile Include="stdafx.cpp">
      <Filter>Header Files</Filter>
    </ClCompile>
    <ClCompile Include="ymx2d.cpp">
      <Filter>Source Files\core</Filter>
    </ClCompile>
    <ClCompile Include="YmxGame.cpp">
      <Filter>Source Files\core</Filter>
    </ClCompile>
    <ClCompile Include="YmxComponent.cpp">
      <Filter>Source Files\core</Filter>
    </ClCompile>
    <ClCompile Include="YmxVector.cpp">
      <Filter>Source Files\core</Filter>
    </ClCompile>
    <ClCompile Include="YmxVertex.cpp">
      <Filter>Source Files\core</Filter>
    </ClCompile>
    <ClCompile Include="YmxButton.cpp">
      <Filter>Source Files\form</Filter>
    </ClCompile>
    <ClCompile Include="YmxEditText.cpp">
      <Filter>Source Files\form</Filter>
    </ClCompile>
    <ClCompile Include="YmxListView.cpp">
      <Filter>Source Files\form</Filter>
    </ClCompile>
    <ClCompile Include="YmxGraphics.cpp">
      <Filter>Source Files\graphics</Filter>
    </ClCompile>
    <ClCompile Include="YmxFont.cpp">
      <Filter>Source Files\graphics</Filter>
    </ClCompile>
    <ClCompile Include="YmxSprite.cpp">
      <Filter>Source Files\graphics</Filter>
    </ClCompile>
    <ClCompile Include="YmxTexture.cpp">
      <Filter>Source Files\graphics</Filter>
    </ClCompile>
    <ClCompile Include="YmxLua.cpp">
      <Filter>Source Files\lua</Filter>
    </ClCompile>
    <ClCompile Include="YmxLuaComponent.cpp">
      <Filter>Source Files\lua</Filter>
    </ClCompile>
    <ClCompile Include="YmxLuaConfig.cpp">
      <Filter>Source Files\lua</Filter>
    </ClCompile>
    <ClCompile Include="YmxSound.cpp">
      <Filter>Source Files\sound</Filter>
    </ClCompile>
    <ClCompile Include="YmxWaveSound.cpp">
      <Filter>Source Files\sound</Filter>
    </ClCompile>
    <ClCompile Include="YmxParticleSystem.cpp">
      <Filter>Source Files\particle</Filter>
    </ClCompile>
    <ClCompile Include="YmxFlameParticleSystem.cpp">
      <Filter>Source Files\particle</Filter>
    </ClCompile>
    <ClCompile Include="YmxSnowParticleSystem.cpp">
      <Filter>Source Files\particle</Filter>
    </ClCompile>
    <ClCompile Include="YmxCometParticleSystem.cpp">
      <Filter>Source Files\particle</Filter>
    </ClCompile>
    <ClCompile Include="YmxExplodeParticleSystem.cpp">
      <Filter>Source Files\particle</Filter>
    </ClCompile>
    <ClCompile Include="YmxMath.cpp">
      <Filter>Source Files\util</Filter>
    </ClCompile>
    <ClCompile Include="YmxError.cpp">
      <Filter>Source Files\util</Filter>
    </ClCompile>
    <ClCompile Include="YmxRect.cpp">
      <Filter>Source Files\core</Filter>
    </ClCompile>
  </ItemGroup>
</Project>